<?xml version="1.0" encoding="utf-8"?>
<Project ToolsVersion="16.0" xmlns="http://schemas.microsoft.com/developer/msbuild/2003">
  <ItemGroup>
    <CustomBuild Include="F:\source\GorgonHunter\GorgonHunter\traypp\CMakeFiles\852363f58b629d4e75af903829641395\generate.stamp.rule">
      <Filter>CMake Rules</Filter>
    </CustomBuild>
  </ItemGroup>
  <ItemGroup>
    <Filter Include="CMake Rules">
      <UniqueIdentifier>{662EE577-87D6-3952-9571-91294363D1AE}</UniqueIdentifier>
    </Filter>
  </ItemGroup>
</Project>
